blitiri.com.ar/go/spf v0.0.0-20191018194539-a683815bdae8 h1:faoLmiOKc/iC8/jn9HN8hVbWBrgeVweZmdPeJgk5fWc=
blitiri.com.ar/go/spf v0.0.0-20191018194539-a683815bdae8/go.mod h1:Mpik83f+Vc8wPdRrnGR5cV50NsENy+caW+42Kz4huCs=
github.com/Supme/smtpd v0.1.3 h1:CGI4bfiaLJ3RlqD/QH6/OG8o/HVL7Z2gbqpB7enPp4I=
github.com/Supme/smtpd v0.1.3/go.mod h1:aUqE0xVV1Ql+X+hNSWuVSMjZVMAbfyy1WXora8CdmHU=
github.com/eaigner/dkim v0.0.0-20150301120808-6fe4a7ee9cfb/go.mod h1:FSCIHbrqk7D01Mj8y/jW+NS1uoCerr+ad+IckTHTFf4=
gopkg.in/check.v1 v0.0.0-20161208181325-20d25e280405 h1:yhCVgyC4o1eVCa2tZl7eS0r+SDo693bJlVdllGtEeKM=
gopkg.in/check.v1 v0.0.0-20161208181325-20d25e280405/go.mod h1:Co6ibVJAznAaIkqp8huTwlJQCZ016jof/cbN4VW5Yz0=
gopkg.in/yaml.v2 v2.2.8 h1:obN1ZagJSUGI0Ek/LBmuj4SNLPfIny3KsKFopxRdj10=
gopkg.in/yaml.v2 v2.2.8/go.mod h1:hI93XBmqTisBFMUTm0b8Fm+jr3Dg1NNxqwp+5A1VGuI=
